
Microsoft Visual Studio Solution File, Format Version 12.00
# Visual Studio 15
VisualStudioVersion = 15.0.28307.421
MinimumVisualStudioVersion = 10.0.40219.1
Project("{FAE04EC0-301F-11D3-BF4B-00C04F79EFBC}") = "AutoCatalogue", "AutoCatalogue\AutoCatalogue.csproj", "{6DB247B9-B362-4ADF-A663-6659641D3DDB}"
EndProject
Project("{FAE04EC0-301F-11D3-BF4B-00C04F79EFBC}") = "Data", "Data\Data.csproj", "{AC9F435B-5A87-4423-9C79-D0D163304FD0}"
EndProject
Project("{FAE04EC0-301F-11D3-BF4B-00C04F79EFBC}") = "Repositories", "Repositories\Repositories.csproj", "{9658A58E-D9D6-4C2B-8554-74E0F7C1385A}"
EndProject
Project("{FAE04EC0-301F-11D3-BF4B-00C04F79EFBC}") = "AppServices", "AppServices\AppServices.csproj", "{99ACAAF6-4290-445E-A0A3-77369B5DBE91}"
EndProject
Project("{FAE04EC0-301F-11D3-BF4B-00C04F79EFBC}") = "WebAPI", "WebAPI\WebAPI.csproj", "{749189F5-975D-44FC-8E20-F63A80B4CD4D}"
EndProject
Global
	GlobalSection(SolutionConfigurationPlatforms) = preSolution
		Debug|Any CPU = Debug|Any CPU
		Release|Any CPU = Release|Any CPU
	EndGlobalSection
	GlobalSection(ProjectConfigurationPlatforms) = postSolution
		{6DB247B9-B362-4ADF-A663-6659641D3DDB}.Debug|Any CPU.ActiveCfg = Debug|Any CPU
		{6DB247B9-B362-4ADF-A663-6659641D3DDB}.Debug|Any CPU.Build.0 = Debug|Any CPU
		{6DB247B9-B362-4ADF-A663-6659641D3DDB}.Release|Any CPU.ActiveCfg = Release|Any CPU
		{6DB247B9-B362-4ADF-A663-6659641D3DDB}.Release|Any CPU.Build.0 = Release|Any CPU
		{AC9F435B-5A87-4423-9C79-D0D163304FD0}.Debug|Any CPU.ActiveCfg = Debug|Any CPU
		{AC9F435B-5A87-4423-9C79-D0D163304FD0}.Debug|Any CPU.Build.0 = Debug|Any CPU
		{AC9F435B-5A87-4423-9C79-D0D163304FD0}.Release|Any CPU.ActiveCfg = Release|Any CPU
		{AC9F435B-5A87-4423-9C79-D0D163304FD0}.Release|Any CPU.Build.0 = Release|Any CPU
		{9658A58E-D9D6-4C2B-8554-74E0F7C1385A}.Debug|Any CPU.ActiveCfg = Debug|Any CPU
		{9658A58E-D9D6-4C2B-8554-74E0F7C1385A}.Debug|Any CPU.Build.0 = Debug|Any CPU
		{9658A58E-D9D6-4C2B-8554-74E0F7C1385A}.Release|Any CPU.ActiveCfg = Release|Any CPU
		{9658A58E-D9D6-4C2B-8554-74E0F7C1385A}.Release|Any CPU.Build.0 = Release|Any CPU
		{99ACAAF6-4290-445E-A0A3-77369B5DBE91}.Debug|Any CPU.ActiveCfg = Debug|Any CPU
		{99ACAAF6-4290-445E-A0A3-77369B5DBE91}.Debug|Any CPU.Build.0 = Debug|Any CPU
		{99ACAAF6-4290-445E-A0A3-77369B5DBE91}.Release|Any CPU.ActiveCfg = Release|Any CPU
		{99ACAAF6-4290-445E-A0A3-77369B5DBE91}.Release|Any CPU.Build.0 = Release|Any CPU
		{749189F5-975D-44FC-8E20-F63A80B4CD4D}.Debug|Any CPU.ActiveCfg = Debug|Any CPU
		{749189F5-975D-44FC-8E20-F63A80B4CD4D}.Debug|Any CPU.Build.0 = Debug|Any CPU
		{749189F5-975D-44FC-8E20-F63A80B4CD4D}.Release|Any CPU.ActiveCfg = Release|Any CPU
		{749189F5-975D-44FC-8E20-F63A80B4CD4D}.Release|Any CPU.Build.0 = Release|Any CPU
	EndGlobalSection
	GlobalSection(SolutionProperties) = preSolution
		HideSolutionNode = FALSE
	EndGlobalSection
	GlobalSection(ExtensibilityGlobals) = postSolution
		SolutionGuid = {899CD0C9-0462-4D09-A8B9-7F7F99986569}
	EndGlobalSection
EndGlobal
